
Microsoft Visual Studio Solution File, Format Version 12.00
# Visual Studio 15
VisualStudioVersion = 15.0.27703.2018
MinimumVisualStudioVersion = 10.0.40219.1
Project("{FAE04EC0-301F-11D3-BF4B-00C04F79EFBC}") = "Vector", "Vector\Vector.csproj", "{53E3C328-DD77-4A79-B6F4-8D389F4EB6C7}"
EndProject
Global
	GlobalSection(SolutionConfigurationPlatforms) = preSolution
		Debug|Any CPU = Debug|Any CPU
		Release|Any CPU = Release|Any CPU
	EndGlobalSection
	GlobalSection(ProjectConfigurationPlatforms) = postSolution
		{53E3C328-DD77-4A79-B6F4-8D389F4EB6C7}.Debug|Any CPU.ActiveCfg = Debug|Any CPU
		{53E3C328-DD77-4A79-B6F4-8D389F4EB6C7}.Debug|Any CPU.Build.0 = Debug|Any CPU
		{53E3C328-DD77-4A79-B6F4-8D389F4EB6C7}.Release|Any CPU.ActiveCfg = Release|Any CPU
		{53E3C328-DD77-4A79-B6F4-8D389F4EB6C7}.Release|Any CPU.Build.0 = Release|Any CPU
	EndGlobalSection
	GlobalSection(SolutionProperties) = preSolution
		HideSolutionNode = FALSE
	EndGlobalSection
	GlobalSection(ExtensibilityGlobals) = postSolution
		SolutionGuid = {25B81D4D-7A68-481A-B1FC-6CDF604FCCC2}
	EndGlobalSection
EndGlobal
